
Microsoft Visual Studio Solution File, Format Version 10.00
# Visual Studio 2008
Project("{FAE04EC0-301F-11D3-BF4B-00C04F79EFBC}") = "BuildEnv", "BuildEnv.csproj", "{5F223046-F33A-45BD-BEA2-F57EA8C70EBA}"
EndProject
Global
	GlobalSection(SolutionConfigurationPlatforms) = preSolution
		Debug|Any CPU = Debug|Any CPU
		Release|Any CPU = Release|Any CPU
	EndGlobalSection
	GlobalSection(ProjectConfigurationPlatforms) = postSolution
		{5F223046-F33A-45BD-BEA2-F57EA8C70EBA}.Debug|Any CPU.ActiveCfg = Debug|Any CPU
		{5F223046-F33A-45BD-BEA2-F57EA8C70EBA}.Debug|Any CPU.Build.0 = Debug|Any CPU
		{5F223046-F33A-45BD-BEA2-F57EA8C70EBA}.Release|Any CPU.ActiveCfg = Release|Any CPU
		{5F223046-F33A-45BD-BEA2-F57EA8C70EBA}.Release|Any CPU.Build.0 = Release|Any CPU
	EndGlobalSection
	GlobalSection(SolutionProperties) = preSolution
		HideSolutionNode = FALSE
	EndGlobalSection
EndGlobal
